
Microsoft Visual Studio Solution File, Format Version 12.00
# Visual Studio Version 17
VisualStudioVersion = 17.6.33815.320
MinimumVisualStudioVersion = 10.0.40219.1
Project("{FAE04EC0-301F-11D3-BF4B-00C04F79EFBC}") = "ListaTarefas.Domain", "ListaTarefas.Domain\ListaTarefas.Domain.csproj", "{47FC832F-546F-4C33-8D86-8750B84E86CA}"
EndProject
Project("{FAE04EC0-301F-11D3-BF4B-00C04F79EFBC}") = "ListaTarefas.Infrastructure", "ListaTarefas.Infrastructure\ListaTarefas.Infrastructure.csproj", "{685B7715-3EAC-4585-AF3C-1347D1404FE0}"
EndProject
Project("{FAE04EC0-301F-11D3-BF4B-00C04F79EFBC}") = "ListaTarefas.Tests", "ListaTarefas.Tests\ListaTarefas.Tests.csproj", "{B4FCCF45-016E-4A50-A8C1-7B26191DE0A8}"
EndProject
Project("{9A19103F-16F7-4668-BE54-9A1E7A4F7556}") = "ListaTarefas.Api", "ListaTarefas.Api\ListaTarefas.Api.csproj", "{B8A1623C-57E7-4D99-8129-765713419217}"
EndProject
Global
	GlobalSection(SolutionConfigurationPlatforms) = preSolution
		Debug|Any CPU = Debug|Any CPU
		Release|Any CPU = Release|Any CPU
	EndGlobalSection
	GlobalSection(ProjectConfigurationPlatforms) = postSolution
		{47FC832F-546F-4C33-8D86-8750B84E86CA}.Debug|Any CPU.ActiveCfg = Debug|Any CPU
		{47FC832F-546F-4C33-8D86-8750B84E86CA}.Debug|Any CPU.Build.0 = Debug|Any CPU
		{47FC832F-546F-4C33-8D86-8750B84E86CA}.Release|Any CPU.ActiveCfg = Release|Any CPU
		{47FC832F-546F-4C33-8D86-8750B84E86CA}.Release|Any CPU.Build.0 = Release|Any CPU
		{685B7715-3EAC-4585-AF3C-1347D1404FE0}.Debug|Any CPU.ActiveCfg = Debug|Any CPU
		{685B7715-3EAC-4585-AF3C-1347D1404FE0}.Debug|Any CPU.Build.0 = Debug|Any CPU
		{685B7715-3EAC-4585-AF3C-1347D1404FE0}.Release|Any CPU.ActiveCfg = Release|Any CPU
		{685B7715-3EAC-4585-AF3C-1347D1404FE0}.Release|Any CPU.Build.0 = Release|Any CPU
		{B4FCCF45-016E-4A50-A8C1-7B26191DE0A8}.Debug|Any CPU.ActiveCfg = Debug|Any CPU
		{B4FCCF45-016E-4A50-A8C1-7B26191DE0A8}.Debug|Any CPU.Build.0 = Debug|Any CPU
		{B4FCCF45-016E-4A50-A8C1-7B26191DE0A8}.Release|Any CPU.ActiveCfg = Release|Any CPU
		{B4FCCF45-016E-4A50-A8C1-7B26191DE0A8}.Release|Any CPU.Build.0 = Release|Any CPU
		{B8A1623C-57E7-4D99-8129-765713419217}.Debug|Any CPU.ActiveCfg = Debug|Any CPU
		{B8A1623C-57E7-4D99-8129-765713419217}.Debug|Any CPU.Build.0 = Debug|Any CPU
		{B8A1623C-57E7-4D99-8129-765713419217}.Release|Any CPU.ActiveCfg = Release|Any CPU
		{B8A1623C-57E7-4D99-8129-765713419217}.Release|Any CPU.Build.0 = Release|Any CPU
	EndGlobalSection
	GlobalSection(SolutionProperties) = preSolution
		HideSolutionNode = FALSE
	EndGlobalSection
	GlobalSection(ExtensibilityGlobals) = postSolution
		SolutionGuid = {AA61D329-D804-4A24-91DE-C0147C0E50A6}
	EndGlobalSection
EndGlobal
