
Microsoft Visual Studio Solution File, Format Version 12.00
# Visual Studio Version 16
VisualStudioVersion = 16.0.33027.164
MinimumVisualStudioVersion = 10.0.40219.1
Project("{FAE04EC0-301F-11D3-BF4B-00C04F79EFBC}") = "MeuApp", "MeuApp\MeuApp.csproj", "{79644F2F-2378-4465-B499-4D8C715814F4}"
EndProject
Global
	GlobalSection(SolutionConfigurationPlatforms) = preSolution
		Debug|Any CPU = Debug|Any CPU
		Release|Any CPU = Release|Any CPU
	EndGlobalSection
	GlobalSection(ProjectConfigurationPlatforms) = postSolution
		{79644F2F-2378-4465-B499-4D8C715814F4}.Debug|Any CPU.ActiveCfg = Debug|Any CPU
		{79644F2F-2378-4465-B499-4D8C715814F4}.Debug|Any CPU.Build.0 = Debug|Any CPU
		{79644F2F-2378-4465-B499-4D8C715814F4}.Release|Any CPU.ActiveCfg = Release|Any CPU
		{79644F2F-2378-4465-B499-4D8C715814F4}.Release|Any CPU.Build.0 = Release|Any CPU
	EndGlobalSection
	GlobalSection(SolutionProperties) = preSolution
		HideSolutionNode = FALSE
	EndGlobalSection
	GlobalSection(ExtensibilityGlobals) = postSolution
		SolutionGuid = {343EA900-BD3E-4664-B5B6-D246C6063185}
	EndGlobalSection
EndGlobal
